// !$*UTF8*$!
{
	archiveVersion = 1;
	classes = {
	};
	objectVersion = 46;
	objects = {

/* Begin PBXBuildFile section */
		94A952401C91E38D008E378C /* AppDelegate.swift in Sources */ = {isa = PBXBuildFile; fileRef = 94A9523F1C91E38D008E378C /* AppDelegate.swift */; };
		94A952421C91E38D008E378C /* GameScene.sks in Resources */ = {isa = PBXBuildFile; fileRef = 94A952411C91E38D008E378C /* GameScene.sks */; };
		94A952441C91E38D008E378C /* GameScene.swift in Sources */ = {isa = PBXBuildFile; fileRef = 94A952431C91E38D008E378C /* GameScene.swift */; };
		94A952461C91E38D008E378C /* GameViewController.swift in Sources */ = {isa = PBXBuildFile; fileRef = 94A952451C91E38D008E378C /* GameViewController.swift */; };
		94A952491C91E38D008E378C /* Main.storyboard in Resources */ = {isa = PBXBuildFile; fileRef = 94A952471C91E38D008E378C /* Main.storyboard */; };
		94A9524B1C91E38D008E378C /* Assets.xcassets in Resources */ = {isa = PBXBuildFile; fileRef = 94A9524A1C91E38D008E378C /* Assets.xcassets */; };
		94A9524E1C91E38D008E378C /* LaunchScreen.storyboard in Resources */ = {isa = PBXBuildFile; fileRef = 94A9524C1C91E38D008E378C /* LaunchScreen.storyboard */; };
/* End PBXBuildFile section */

/* Begin PBXFileReference section */
		94A9523C1C91E38D008E378C /* Game Grid.app */ = {isa = PBXFileReference; explicitFileType = wrapper.application; includeInIndex = 0; path = "Game Grid.app"; sourceTree = BUILT_PRODUCTS_DIR; };
		94A9523F1C91E38D008E378C /* AppDelegate.swift */ = {isa = PBXFileReference; lastKnownFileType = sourcecode.swift; path = AppDelegate.swift; sourceTree = "<group>"; };
		94A952411C91E38D008E378C /* GameScene.sks */ = {isa = PBXFileReference; lastKnownFileType = file.sks; path = GameScene.sks; sourceTree = "<group>"; };
		94A952431C91E38D008E378C /* GameScene.swift */ = {isa = PBXFileReference; lastKnownFileType = sourcecode.swift; path = GameScene.swift; sourceTree = "<group>"; };
		94A952451C91E38D008E378C /* GameViewController.swift */ = {isa = PBXFileReference; lastKnownFileType = sourcecode.swift; path = GameViewController.swift; sourceTree = "<group>"; };
		94A952481C91E38D008E378C /* Base */ = {isa = PBXFileReference; lastKnownFileType = file.storyboard; name = Base; path = Base.lproj/Main.storyboard; sourceTree = "<group>"; };
		94A9524A1C91E38D008E378C /* Assets.xcassets */ = {isa = PBXFileReference; lastKnownFileType = folder.assetcatalog; path = Assets.xcassets; sourceTree = "<group>"; };
		94A9524D1C91E38D008E378C /* Base */ = {isa = PBXFileReference; lastKnownFileType = file.storyboard; name = Base; path = Base.lproj/LaunchScreen.storyboard; sourceTree = "<group>"; };
		94A9524F1C91E38D008E378C /* Info.plist */ = {isa = PBXFileReference; lastKnownFileType = text.plist.xml; path = Info.plist; sourceTree = "<group>"; };
/* End PBXFileReference section */

/* Begin PBXFrameworksBuildPhase section */
		94A952391C91E38D008E378C /* Frameworks */ = {
			isa = PBXFrameworksBuildPhase;
			buildActionMask = 2147483647;
			files = (
			);
			runOnlyForDeploymentPostprocessing = 0;
		};
/* End PBXFrameworksBuildPhase section */

/* Begin PBXGroup section */
		94A952331C91E38D008E378C = {
			isa = PBXGroup;
			children = (
				94A9523E1C91E38D008E378C /* Game Grid */,
				94A9523D1C91E38D008E378C /* Products */,
			);
			sourceTree = "<group>";
		};
		94A9523D1C91E38D008E378C /* Products */ = {
			isa = PBXGroup;
			children = (
				94A9523C1C91E38D008E378C /* Game Grid.app */,
			);
			name = Products;
			sourceTree = "<group>";
		};
		94A9523E1C91E38D008E378C /* Game Grid */ = {
			isa = PBXGroup;
			children = (
				94A9523F1C91E38D008E378C /* AppDelegate.swift */,
				94A952411C91E38D008E378C /* GameScene.sks */,
				94A952431C91E38D008E378C /* GameScene.swift */,
				94A952451C91E38D008E378C /* GameViewController.swift */,
				94A952471C91E38D008E378C /* Main.storyboard */,
				94A9524A1C91E38D008E378C /* Assets.xcassets */,
				94A9524C1C91E38D008E378C /* LaunchScreen.storyboard */,
				94A9524F1C91E38D008E378C /* Info.plist */,
			);
			path = "Game Grid";
			sourceTree = "<group>";
		};
/* End PBXGroup section */

/* Begin PBXNativeTarget section */
		94A9523B1C91E38D008E378C /* Game Grid */ = {
			isa = PBXNativeTarget;
			buildConfigurationList = 94A952521C91E38D008E378C /* Build configuration list for PBXNativeTarget "Game Grid" */;
			buildPhases = (
				94A952381C91E38D008E378C /* Sources */,
				94A952391C91E38D008E378C /* Frameworks */,
				94A9523A1C91E38D008E378C /* Resources */,
			);
			buildRules = (
			);
			dependencies = (
			);
			name = "Game Grid";
			productName = "Game Grid";
			productReference = 94A9523C1C91E38D008E378C /* Game Grid.app */;
			productType = "com.apple.product-type.application";
		};
/* End PBXNativeTarget section */

/* Begin PBXProject section */
		94A952341C91E38D008E378C /* Project object */ = {
			isa = PBXProject;
			attributes = {
				LastSwiftUpdateCheck = 0720;
				LastUpgradeCheck = 0720;
				ORGANIZATIONNAME = Indicane;
				TargetAttributes = {
					94A9523B1C91E38D008E378C = {
						CreatedOnToolsVersion = 7.2;
					};
				};
			};
			buildConfigurationList = 94A952371C91E38D008E378C /* Build configuration list for PBXProject "Game Grid" */;
			compatibilityVersion = "Xcode 3.2";
			developmentRegion = English;
			hasScannedForEncodings = 0;
			knownRegions = (
				en,
				Base,
			);
			mainGroup = 94A952331C91E38D008E378C;
			productRefGroup = 94A9523D1C91E38D008E378C /* Products */;
			projectDirPath = "";
			projectRoot = "";
			targets = (
				94A9523B1C91E38D008E378C /* Game Grid */,
			);
		};
/* End PBXProject section */

/* Begin PBXResourcesBuildPhase section */
		94A9523A1C91E38D008E378C /* Resources */ = {
			isa = PBXResourcesBuildPhase;
			buildActionMask = 2147483647;
			files = (
				94A952421C91E38D008E378C /* GameScene.sks in Resources */,
				94A9524E1C91E38D008E378C /* LaunchScreen.storyboard in Resources */,
				94A9524B1C91E38D008E378C /* Assets.xcassets in Resources */,
				94A952491C91E38D008E378C /* Main.storyboard in Resources */,
			);
			runOnlyForDeploymentPostprocessing = 0;
		};
/* End PBXResourcesBuildPhase section */

/* Begin PBXSourcesBuildPhase section */
		94A952381C91E38D008E378C /* Sources */ = {
			isa = PBXSourcesBuildPhase;
			buildActionMask = 2147483647;
			files = (
				94A952441C91E38D008E378C /* GameScene.swift in Sources */,
				94A952461C91E38D008E378C /* GameViewController.swift in Sources */,
				94A952401C91E38D008E378C /* AppDelegate.swift in Sources */,
			);
			runOnlyForDeploymentPostprocessing = 0;
		};
/* End PBXSourcesBuildPhase section */

/* Begin PBXVariantGroup section */
		94A952471C91E38D008E378C /* Main.storyboard */ = {
			isa = PBXVariantGroup;
			children = (
				94A952481C91E38D008E378C /* Base */,
			);
			name = Main.storyboard;
			sourceTree = "<group>";
		};
		94A9524C1C91E38D008E378C /* LaunchScreen.storyboard */ = {
			isa = PBXVariantGroup;
			children = (
				94A9524D1C91E38D008E378C /* Base */,
			);
			name = LaunchScreen.storyboard;
			sourceTree = "<group>";
		};
/* End PBXVariantGroup section */

/* Begin XCBuildConfiguration section */
		94A952501C91E38D008E378C /* Debug */ = {
			isa = XCBuildConfiguration;
			buildSettings = {
				ALWAYS_SEARCH_USER_PATHS = NO;
				CLANG_CXX_LANGUAGE_STANDARD = "gnu++0x";
				CLANG_CXX_LIBRARY = "libc++";
				CLANG_ENABLE_MODULES = YES;
				CLANG_ENABLE_OBJC_ARC = YES;
				CLANG_WARN_BOOL_CONVERSION = YES;
				CLANG_WARN_CONSTANT_CONVERSION = YES;
				CLANG_WARN_DIRECT_OBJC_ISA_USAGE = YES_ERROR;
				CLANG_WARN_EMPTY_BODY = YES;
				CLANG_WARN_ENUM_CONVERSION = YES;
				CLANG_WARN_INT_CONVERSION = YES;
				CLANG_WARN_OBJC_ROOT_CLASS = YES_ERROR;
				CLANG_WARN_UNREACHABLE_CODE = YES;
				CLANG_WARN__DUPLICATE_METHOD_MATCH = YES;
				"CODE_SIGN_IDENTITY[sdk=iphoneos*]" = "iPhone Developer";
				COPY_PHASE_STRIP = NO;
				DEBUG_INFORMATION_FORMAT = "dwarf-with-dsym";
				ENABLE_STRICT_OBJC_MSGSEND = YES;
				ENABLE_TESTABILITY = YES;
				GCC_C_LANGUAGE_STANDARD = gnu99;
				GCC_DYNAMIC_NO_PIC = NO;
				GCC_NO_COMMON_BLOCKS = YES;
				GCC_OPTIMIZATION_LEVEL = 0;
				GCC_PREPROCESSOR_DEFINITIONS = (
					"DEBUG=1",
					"$(inherited)",
				);
				GCC_WARN_64_TO_32_BIT_CONVERSION = YES;
				GCC_WARN_ABOUT_RETURN_TYPE = YES_ERROR;
				GCC_WARN_UNDECLARED_SELECTOR = YES;
				GCC_WARN_UNINITIALIZED_AUTOS = YES_AGGRESSIVE;
				GCC_WARN_UNUSED_FUNCTION = YES;
				GCC_WARN_UNUSED_VARIABLE = YES;
				IPHONEOS_DEPLOYMENT_TARGET = 9.2;
				MTL_ENABLE_DEBUG_INFO = YES;
				ONLY_ACTIVE_ARCH = YES;
				SDKROOT = iphoneos;
				SWIFT_OPTIMIZATION_LEVEL = "-Onone";
				TARGETED_DEVICE_FAMILY = 2;
			};
			name = Debug;
		};
		94A952511C91E38D008E378C /* Release */ = {
			isa = XCBuildConfiguration;
			buildSettings = {
				ALWAYS_SEARCH_USER_PATHS = NO;
				CLANG_CXX_LANGUAGE_STANDARD = "gnu++0x";
				CLANG_CXX_LIBRARY = "libc++";
				CLANG_ENABLE_MODULES = YES;
				CLANG_ENABLE_OBJC_ARC = YES;
				CLANG_WARN_BOOL_CONVERSION = YES;
				CLANG_WARN_CONSTANT_CONVERSION = YES;
				CLANG_WARN_DIRECT_OBJC_ISA_USAGE = YES_ERROR;
				CLANG_WARN_EMPTY_BODY = YES;
				CLANG_WARN_ENUM_CONVERSION = YES;
				CLANG_WARN_INT_CONVERSION = YES;
				CLANG_WARN_OBJC_ROOT_CLASS = YES_ERROR;
				CLANG_WARN_UNREACHABLE_CODE = YES;
				CLANG_WARN__DUPLICATE_METHOD_MATCH = YES;
				"CODE_SIGN_IDENTITY[sdk=iphoneos*]" = "iPhone Developer";
				COPY_PHASE_STRIP = NO;
				DEBUG_INFORMATION_FORMAT = "dwarf-with-dsym";
				ENABLE_NS_ASSERTIONS = NO;
				ENABLE_STRICT_OBJC_MSGSEND = YES;
				GCC_C_LANGUAGE_STANDARD = gnu99;
				GCC_NO_COMMON_BLOCKS = YES;
				GCC_WARN_64_TO_32_BIT_CONVERSION = YES;
				GCC_WARN_ABOUT_RETURN_TYPE = YES_ERROR;
				GCC_WARN_UNDECLARED_SELECTOR = YES;
				GCC_WARN_UNINITIALIZED_AUTOS = YES_AGGRESSIVE;
				GCC_WARN_UNUSED_FUNCTION = YES;
				GCC_WARN_UNUSED_VARIABLE = YES;
				IPHONEOS_DEPLOYMENT_TARGET = 9.2;
				MTL_ENABLE_DEBUG_INFO = NO;
				SDKROOT = iphoneos;
				TARGETED_DEVICE_FAMILY = 2;
				VALIDATE_PRODUCT = YES;
			};
			name = Release;
		};
		94A952531C91E38D008E378C /* Debug */ = {
			isa = XCBuildConfiguration;
			buildSettings = {
				ASSETCATALOG_COMPILER_APPICON_NAME = AppIcon;
				INFOPLIST_FILE = "Game Grid/Info.plist";
				LD_RUNPATH_SEARCH_PATHS = "$(inherited) @executable_path/Frameworks";
				PRODUCT_BUNDLE_IDENTIFIER = "org.indicane.GameGrid.Game-Grid";
				PRODUCT_NAME = "$(TARGET_NAME)";
			};
			name = Debug;
		};
		94A952541C91E38D008E378C /* Release */ = {
			isa = XCBuildConfiguration;
			buildSettings = {
				ASSETCATALOG_COMPILER_APPICON_NAME = AppIcon;
				INFOPLIST_FILE = "Game Grid/Info.plist";
				LD_RUNPATH_SEARCH_PATHS = "$(inherited) @executable_path/Frameworks";
				PRODUCT_BUNDLE_IDENTIFIER = "org.indicane.GameGrid.Game-Grid";
				PRODUCT_NAME = "$(TARGET_NAME)";
			};
			name = Release;
		};
/* End XCBuildConfiguration section */

/* Begin XCConfigurationList section */
		94A952371C91E38D008E378C /* Build configuration list for PBXProject "Game Grid" */ = {
			isa = XCConfigurationList;
			buildConfigurations = (
				94A952501C91E38D008E378C /* Debug */,
				94A952511C91E38D008E378C /* Release */,
			);
			defaultConfigurationIsVisible = 0;
			defaultConfigurationName = Release;
		};
		94A952521C91E38D008E378C /* Build configuration list for PBXNativeTarget "Game Grid" */ = {
			isa = XCConfigurationList;
			buildConfigurations = (
				94A952531C91E38D008E378C /* Debug */,
				94A952541C91E38D008E378C /* Release */,
			);
			defaultConfigurationIsVisible = 0;
		};
/* End XCConfigurationList section */
	};
	rootObject = 94A952341C91E38D008E378C /* Project object */;
}
